
Microsoft Visual Studio Solution File, Format Version 12.00
# Visual Studio Version 17
VisualStudioVersion = 17.7.34221.43
MinimumVisualStudioVersion = 10.0.40219.1
Project("{FAE04EC0-301F-11D3-BF4B-00C04F79EFBC}") = "auto_typing", "auto_typing\auto_typing.csproj", "{F610B29E-DDE9-4E48-9DF9-BF1994778043}"
EndProject
Global
	GlobalSection(SolutionConfigurationPlatforms) = preSolution
		Debug|Any CPU = Debug|Any CPU
		Release|Any CPU = Release|Any CPU
	EndGlobalSection
	GlobalSection(ProjectConfigurationPlatforms) = postSolution
		{F610B29E-DDE9-4E48-9DF9-BF1994778043}.Debug|Any CPU.ActiveCfg = Debug|Any CPU
		{F610B29E-DDE9-4E48-9DF9-BF1994778043}.Debug|Any CPU.Build.0 = Debug|Any CPU
		{F610B29E-DDE9-4E48-9DF9-BF1994778043}.Release|Any CPU.ActiveCfg = Release|Any CPU
		{F610B29E-DDE9-4E48-9DF9-BF1994778043}.Release|Any CPU.Build.0 = Release|Any CPU
	EndGlobalSection
	GlobalSection(SolutionProperties) = preSolution
		HideSolutionNode = FALSE
	EndGlobalSection
	GlobalSection(ExtensibilityGlobals) = postSolution
		SolutionGuid = {9D9D264C-83BB-438B-9F96-1805BF9FA60F}
	EndGlobalSection
EndGlobal
